
Microsoft Visual Studio Solution File, Format Version 12.00
# Visual Studio Version 16
VisualStudioVersion = 16.0.29728.190
MinimumVisualStudioVersion = 10.0.40219.1
Project("{FAE04EC0-301F-11D3-BF4B-00C04F79EFBC}") = "JobQueue", "JobQueue\JobQueue.csproj", "{0EEBBD98-DFEA-4C5E-B817-4D57C4999E6D}"
EndProject
Global
	GlobalSection(SolutionConfigurationPlatforms) = preSolution
		Debug|Any CPU = Debug|Any CPU
		Release|Any CPU = Release|Any CPU
	EndGlobalSection
	GlobalSection(ProjectConfigurationPlatforms) = postSolution
		{0EEBBD98-DFEA-4C5E-B817-4D57C4999E6D}.Debug|Any CPU.ActiveCfg = Debug|Any CPU
		{0EEBBD98-DFEA-4C5E-B817-4D57C4999E6D}.Debug|Any CPU.Build.0 = Debug|Any CPU
		{0EEBBD98-DFEA-4C5E-B817-4D57C4999E6D}.Release|Any CPU.ActiveCfg = Release|Any CPU
		{0EEBBD98-DFEA-4C5E-B817-4D57C4999E6D}.Release|Any CPU.Build.0 = Release|Any CPU
	EndGlobalSection
	GlobalSection(SolutionProperties) = preSolution
		HideSolutionNode = FALSE
	EndGlobalSection
	GlobalSection(ExtensibilityGlobals) = postSolution
		SolutionGuid = {55022922-1173-4552-8555-DC032FF8E13E}
	EndGlobalSection
EndGlobal
